
Microsoft Visual Studio Solution File, Format Version 12.00
# Visual Studio Version 17
VisualStudioVersion = 17.0.32112.339
MinimumVisualStudioVersion = 10.0.40219.1
Project("{FAE04EC0-301F-11D3-BF4B-00C04F79EFBC}") = "Ekisa.Indexing.Watcher", "src\Ekisa.Indexing.Watcher\Ekisa.Indexing.Watcher.csproj", "{89BD5AEF-821E-4D6C-8AD8-150BFCA8A67C}"
EndProject
Global
	GlobalSection(SolutionConfigurationPlatforms) = preSolution
		Debug|Any CPU = Debug|Any CPU
		Release|Any CPU = Release|Any CPU
	EndGlobalSection
	GlobalSection(ProjectConfigurationPlatforms) = postSolution
		{89BD5AEF-821E-4D6C-8AD8-150BFCA8A67C}.Debug|Any CPU.ActiveCfg = Debug|Any CPU
		{89BD5AEF-821E-4D6C-8AD8-150BFCA8A67C}.Debug|Any CPU.Build.0 = Debug|Any CPU
		{89BD5AEF-821E-4D6C-8AD8-150BFCA8A67C}.Release|Any CPU.ActiveCfg = Release|Any CPU
		{89BD5AEF-821E-4D6C-8AD8-150BFCA8A67C}.Release|Any CPU.Build.0 = Release|Any CPU
	EndGlobalSection
	GlobalSection(SolutionProperties) = preSolution
		HideSolutionNode = FALSE
	EndGlobalSection
	GlobalSection(ExtensibilityGlobals) = postSolution
		SolutionGuid = {04B54B80-96CD-4582-BA02-779BA9368C32}
	EndGlobalSection
EndGlobal
